
Microsoft Visual Studio Solution File, Format Version 12.00
# Visual Studio Version 17
VisualStudioVersion = 17.4.33103.184
MinimumVisualStudioVersion = 10.0.40219.1
Project("{9A19103F-16F7-4668-BE54-9A1E7A4F7556}") = "WeNeed1", "WeNeed1\WeNeed1.csproj", "{01F60614-F6C4-4B3E-8860-D0E56B160726}"
EndProject
Project("{9A19103F-16F7-4668-BE54-9A1E7A4F7556}") = "WeNeed1.Service", "WeNeed1.Service\WeNeed1.Service.csproj", "{1E2A4538-92C8-4758-9254-EB1F19E3789A}"
EndProject
Project("{9A19103F-16F7-4668-BE54-9A1E7A4F7556}") = "WeNeed1.Model", "WeNeed1.Model\WeNeed1.Model.csproj", "{63EE7C8F-84F3-4FE0-81AC-BFBF688D1F98}"
EndProject
Project("{FAE04EC0-301F-11D3-BF4B-00C04F79EFBC}") = "WeNeed1.Consumer", "WeNeed1.Consumer\WeNeed1.Consumer.csproj", "{F0CD55AA-39F9-4F82-8FC3-7D54DD1061A1}"
EndProject
Global
	GlobalSection(SolutionConfigurationPlatforms) = preSolution
		Debug|Any CPU = Debug|Any CPU
		Release|Any CPU = Release|Any CPU
	EndGlobalSection
	GlobalSection(ProjectConfigurationPlatforms) = postSolution
		{01F60614-F6C4-4B3E-8860-D0E56B160726}.Debug|Any CPU.ActiveCfg = Debug|Any CPU
		{01F60614-F6C4-4B3E-8860-D0E56B160726}.Debug|Any CPU.Build.0 = Debug|Any CPU
		{01F60614-F6C4-4B3E-8860-D0E56B160726}.Release|Any CPU.ActiveCfg = Release|Any CPU
		{01F60614-F6C4-4B3E-8860-D0E56B160726}.Release|Any CPU.Build.0 = Release|Any CPU
		{1E2A4538-92C8-4758-9254-EB1F19E3789A}.Debug|Any CPU.ActiveCfg = Debug|Any CPU
		{1E2A4538-92C8-4758-9254-EB1F19E3789A}.Debug|Any CPU.Build.0 = Debug|Any CPU
		{1E2A4538-92C8-4758-9254-EB1F19E3789A}.Release|Any CPU.ActiveCfg = Release|Any CPU
		{1E2A4538-92C8-4758-9254-EB1F19E3789A}.Release|Any CPU.Build.0 = Release|Any CPU
		{63EE7C8F-84F3-4FE0-81AC-BFBF688D1F98}.Debug|Any CPU.ActiveCfg = Debug|Any CPU
		{63EE7C8F-84F3-4FE0-81AC-BFBF688D1F98}.Debug|Any CPU.Build.0 = Debug|Any CPU
		{63EE7C8F-84F3-4FE0-81AC-BFBF688D1F98}.Release|Any CPU.ActiveCfg = Release|Any CPU
		{63EE7C8F-84F3-4FE0-81AC-BFBF688D1F98}.Release|Any CPU.Build.0 = Release|Any CPU
		{F0CD55AA-39F9-4F82-8FC3-7D54DD1061A1}.Debug|Any CPU.ActiveCfg = Debug|Any CPU
		{F0CD55AA-39F9-4F82-8FC3-7D54DD1061A1}.Debug|Any CPU.Build.0 = Debug|Any CPU
		{F0CD55AA-39F9-4F82-8FC3-7D54DD1061A1}.Release|Any CPU.ActiveCfg = Release|Any CPU
		{F0CD55AA-39F9-4F82-8FC3-7D54DD1061A1}.Release|Any CPU.Build.0 = Release|Any CPU
	EndGlobalSection
	GlobalSection(SolutionProperties) = preSolution
		HideSolutionNode = FALSE
	EndGlobalSection
	GlobalSection(ExtensibilityGlobals) = postSolution
		SolutionGuid = {BBF7C069-40E0-4E23-8637-1AED6D32042C}
	EndGlobalSection
EndGlobal
